{
  "name": "@rangeljl/apphive_server_client",
  "version": "1.0.0",
  "lockfileVersion": 3,
  "requires": true,
  "packages": {
    "": {
      "name": "@rangeljl/apphive_server_client",
      "version": "1.0.0",
      "license": "MIT",
      "devDependencies": {
        "@rangeljl/shared": "^9.0.1"
      },
      "peerDependencies": {
        "@rangeljl/shared": "^9.0.*"
      }
    },
    "node_modules/@rangeljl/shared": {
      "version": "9.0.1",
      "resolved": "https://registry.npmjs.org/@rangeljl/shared/-/shared-9.0.1.tgz",
      "integrity": "sha512-C1Yf6noov2+aN/WGLIzMAj8wDmwIml4OA5s8uWjcJXproAosnPUEtMaPMAEqQ2bNseMQu8o5r8CyOEadQIFbKQ==",
      "dev": true,
      "license": "MIT"
    }
  }
}
